
Microsoft Visual Studio Solution File, Format Version 12.00
# Visual Studio 14
VisualStudioVersion = 14.0.25420.1
MinimumVisualStudioVersion = 10.0.40219.1
Project("{FAE04EC0-301F-11D3-BF4B-00C04F79EFBC}") = "Apps.Web", "Apps.Web\Apps.Web.csproj", "{F4AA0745-0C15-42E6-ADC2-D0A2209F11F8}"
EndProject
Project("{2150E333-8FDC-42A3-9474-1A3956D46DE8}") = "Apps.Base", "Apps.Base", "{8253D190-72C9-477E-8233-E941F20AC366}"
EndProject
Project("{FAE04EC0-301F-11D3-BF4B-00C04F79EFBC}") = "Apps.BLL", "Apps.BLL\Apps.BLL.csproj", "{86AAC412-B4E2-4F66-B57E-4CD9404281B0}"
EndProject
Project("{FAE04EC0-301F-11D3-BF4B-00C04F79EFBC}") = "Apps.DAL", "Apps.DAL\Apps.DAL.csproj", "{E52DB940-6444-448F-ABFA-08BB43E7B45E}"
EndProject
Project("{FAE04EC0-301F-11D3-BF4B-00C04F79EFBC}") = "Apps.IBLL", "Apps.IBLL\Apps.IBLL.csproj", "{41A40CD6-CA32-4C28-8ADF-04A29FD23DC8}"
EndProject
Project("{FAE04EC0-301F-11D3-BF4B-00C04F79EFBC}") = "Apps.IDAL", "Apps.IDAL\Apps.IDAL.csproj", "{03ACD014-A218-4B56-A09C-4BD3F007FF69}"
EndProject
Project("{FAE04EC0-301F-11D3-BF4B-00C04F79EFBC}") = "Apps.Common", "Apps.Common\Apps.Common.csproj", "{D6A118D8-B7CF-46A4-9246-08BC2EEDE54B}"
EndProject
Project("{FAE04EC0-301F-11D3-BF4B-00C04F79EFBC}") = "Apps.Core", "Apps.Core\Apps.Core.csproj", "{A1E886FA-057F-4D24-B9A5-3B50081BCAC5}"
EndProject
Project("{FAE04EC0-301F-11D3-BF4B-00C04F79EFBC}") = "Apps.Jobs", "Apps.Jobs\Apps.Jobs.csproj", "{AA9B9E81-D835-42A9-9F79-7F82F38DF74E}"
EndProject
Project("{FAE04EC0-301F-11D3-BF4B-00C04F79EFBC}") = "Apps.Locale", "Apps.Locale\Apps.Locale.csproj", "{81596CC1-675D-4851-9B10-CB3B45FC5E7B}"
EndProject
Project("{FAE04EC0-301F-11D3-BF4B-00C04F79EFBC}") = "Apps.Models", "Apps.Models\Apps.Models.csproj", "{35832DB7-10DE-47B3-A034-B2BA6A855119}"
EndProject
Project("{FAE04EC0-301F-11D3-BF4B-00C04F79EFBC}") = "Apps.WebApi", "Apps.WebApi\Apps.WebApi.csproj", "{99D103C6-4CA0-45F4-AD34-CB9078A63492}"
EndProject
Project("{2150E333-8FDC-42A3-9474-1A3956D46DE8}") = "Apps.Helper", "Apps.Helper", "{50515ABD-1A53-4DE3-B455-BAD7090D97B7}"
EndProject
Project("{FAE04EC0-301F-11D3-BF4B-00C04F79EFBC}") = "Apps.CodeHelper", "Apps.CodeHelper\Apps.CodeHelper.csproj", "{6271C6E1-AC50-432D-B14A-1F2BB4A086E7}"
EndProject
Global
	GlobalSection(SolutionConfigurationPlatforms) = preSolution
		Debug|Any CPU = Debug|Any CPU
		Release|Any CPU = Release|Any CPU
	EndGlobalSection
	GlobalSection(ProjectConfigurationPlatforms) = postSolution
		{F4AA0745-0C15-42E6-ADC2-D0A2209F11F8}.Debug|Any CPU.ActiveCfg = Debug|Any CPU
		{F4AA0745-0C15-42E6-ADC2-D0A2209F11F8}.Debug|Any CPU.Build.0 = Debug|Any CPU
		{F4AA0745-0C15-42E6-ADC2-D0A2209F11F8}.Release|Any CPU.ActiveCfg = Release|Any CPU
		{F4AA0745-0C15-42E6-ADC2-D0A2209F11F8}.Release|Any CPU.Build.0 = Release|Any CPU
		{86AAC412-B4E2-4F66-B57E-4CD9404281B0}.Debug|Any CPU.ActiveCfg = Debug|Any CPU
		{86AAC412-B4E2-4F66-B57E-4CD9404281B0}.Debug|Any CPU.Build.0 = Debug|Any CPU
		{86AAC412-B4E2-4F66-B57E-4CD9404281B0}.Release|Any CPU.ActiveCfg = Release|Any CPU
		{86AAC412-B4E2-4F66-B57E-4CD9404281B0}.Release|Any CPU.Build.0 = Release|Any CPU
		{E52DB940-6444-448F-ABFA-08BB43E7B45E}.Debug|Any CPU.ActiveCfg = Debug|Any CPU
		{E52DB940-6444-448F-ABFA-08BB43E7B45E}.Debug|Any CPU.Build.0 = Debug|Any CPU
		{E52DB940-6444-448F-ABFA-08BB43E7B45E}.Release|Any CPU.ActiveCfg = Release|Any CPU
		{E52DB940-6444-448F-ABFA-08BB43E7B45E}.Release|Any CPU.Build.0 = Release|Any CPU
		{41A40CD6-CA32-4C28-8ADF-04A29FD23DC8}.Debug|Any CPU.ActiveCfg = Debug|Any CPU
		{41A40CD6-CA32-4C28-8ADF-04A29FD23DC8}.Debug|Any CPU.Build.0 = Debug|Any CPU
		{41A40CD6-CA32-4C28-8ADF-04A29FD23DC8}.Release|Any CPU.ActiveCfg = Release|Any CPU
		{41A40CD6-CA32-4C28-8ADF-04A29FD23DC8}.Release|Any CPU.Build.0 = Release|Any CPU
		{03ACD014-A218-4B56-A09C-4BD3F007FF69}.Debug|Any CPU.ActiveCfg = Debug|Any CPU
		{03ACD014-A218-4B56-A09C-4BD3F007FF69}.Debug|Any CPU.Build.0 = Debug|Any CPU
		{03ACD014-A218-4B56-A09C-4BD3F007FF69}.Release|Any CPU.ActiveCfg = Release|Any CPU
		{03ACD014-A218-4B56-A09C-4BD3F007FF69}.Release|Any CPU.Build.0 = Release|Any CPU
		{D6A118D8-B7CF-46A4-9246-08BC2EEDE54B}.Debug|Any CPU.ActiveCfg = Debug|Any CPU
		{D6A118D8-B7CF-46A4-9246-08BC2EEDE54B}.Debug|Any CPU.Build.0 = Debug|Any CPU
		{D6A118D8-B7CF-46A4-9246-08BC2EEDE54B}.Release|Any CPU.ActiveCfg = Release|Any CPU
		{D6A118D8-B7CF-46A4-9246-08BC2EEDE54B}.Release|Any CPU.Build.0 = Release|Any CPU
		{A1E886FA-057F-4D24-B9A5-3B50081BCAC5}.Debug|Any CPU.ActiveCfg = Debug|Any CPU
		{A1E886FA-057F-4D24-B9A5-3B50081BCAC5}.Debug|Any CPU.Build.0 = Debug|Any CPU
		{A1E886FA-057F-4D24-B9A5-3B50081BCAC5}.Release|Any CPU.ActiveCfg = Release|Any CPU
		{A1E886FA-057F-4D24-B9A5-3B50081BCAC5}.Release|Any CPU.Build.0 = Release|Any CPU
		{AA9B9E81-D835-42A9-9F79-7F82F38DF74E}.Debug|Any CPU.ActiveCfg = Debug|Any CPU
		{AA9B9E81-D835-42A9-9F79-7F82F38DF74E}.Debug|Any CPU.Build.0 = Debug|Any CPU
		{AA9B9E81-D835-42A9-9F79-7F82F38DF74E}.Release|Any CPU.ActiveCfg = Release|Any CPU
		{AA9B9E81-D835-42A9-9F79-7F82F38DF74E}.Release|Any CPU.Build.0 = Release|Any CPU
		{81596CC1-675D-4851-9B10-CB3B45FC5E7B}.Debug|Any CPU.ActiveCfg = Debug|Any CPU
		{81596CC1-675D-4851-9B10-CB3B45FC5E7B}.Debug|Any CPU.Build.0 = Debug|Any CPU
		{81596CC1-675D-4851-9B10-CB3B45FC5E7B}.Release|Any CPU.ActiveCfg = Release|Any CPU
		{81596CC1-675D-4851-9B10-CB3B45FC5E7B}.Release|Any CPU.Build.0 = Release|Any CPU
		{35832DB7-10DE-47B3-A034-B2BA6A855119}.Debug|Any CPU.ActiveCfg = Debug|Any CPU
		{35832DB7-10DE-47B3-A034-B2BA6A855119}.Debug|Any CPU.Build.0 = Debug|Any CPU
		{35832DB7-10DE-47B3-A034-B2BA6A855119}.Release|Any CPU.ActiveCfg = Release|Any CPU
		{35832DB7-10DE-47B3-A034-B2BA6A855119}.Release|Any CPU.Build.0 = Release|Any CPU
		{99D103C6-4CA0-45F4-AD34-CB9078A63492}.Debug|Any CPU.ActiveCfg = Debug|Any CPU
		{99D103C6-4CA0-45F4-AD34-CB9078A63492}.Debug|Any CPU.Build.0 = Debug|Any CPU
		{99D103C6-4CA0-45F4-AD34-CB9078A63492}.Release|Any CPU.ActiveCfg = Release|Any CPU
		{99D103C6-4CA0-45F4-AD34-CB9078A63492}.Release|Any CPU.Build.0 = Release|Any CPU
		{6271C6E1-AC50-432D-B14A-1F2BB4A086E7}.Debug|Any CPU.ActiveCfg = Debug|Any CPU
		{6271C6E1-AC50-432D-B14A-1F2BB4A086E7}.Debug|Any CPU.Build.0 = Debug|Any CPU
		{6271C6E1-AC50-432D-B14A-1F2BB4A086E7}.Release|Any CPU.ActiveCfg = Release|Any CPU
		{6271C6E1-AC50-432D-B14A-1F2BB4A086E7}.Release|Any CPU.Build.0 = Release|Any CPU
	EndGlobalSection
	GlobalSection(SolutionProperties) = preSolution
		HideSolutionNode = FALSE
	EndGlobalSection
	GlobalSection(NestedProjects) = preSolution
		{86AAC412-B4E2-4F66-B57E-4CD9404281B0} = {8253D190-72C9-477E-8233-E941F20AC366}
		{E52DB940-6444-448F-ABFA-08BB43E7B45E} = {8253D190-72C9-477E-8233-E941F20AC366}
		{41A40CD6-CA32-4C28-8ADF-04A29FD23DC8} = {8253D190-72C9-477E-8233-E941F20AC366}
		{03ACD014-A218-4B56-A09C-4BD3F007FF69} = {8253D190-72C9-477E-8233-E941F20AC366}
		{6271C6E1-AC50-432D-B14A-1F2BB4A086E7} = {50515ABD-1A53-4DE3-B455-BAD7090D97B7}
	EndGlobalSection
EndGlobal
